<?xml version="1.0" encoding="utf-8"?>
<Project ToolsVersion="4.0" xmlns="http://schemas.microsoft.com/developer/msbuild/2003">
  <ItemGroup>
    <Filter Include="Исходные файлы">
      <UniqueIdentifier>{4FC737F1-C7A5-4376-A066-2A32D752A2FF}</UniqueIdentifier>
      <Extensions>cpp;c;cc;cxx;def;odl;idl;hpj;bat;asm;asmx</Extensions>
    </Filter>
    <Filter Include="Файлы заголовков">
      <UniqueIdentifier>{93995380-89BD-4b04-88EB-625FBE52EBFB}</UniqueIdentifier>
      <Extensions>h;hh;hpp;hxx;hm;inl;inc;ipp;xsd</Extensions>
    </Filter>
    <Filter Include="Файлы ресурсов">
      <UniqueIdentifier>{67DA6AB6-F800-4c08-8B7A-83BB121AAD01}</UniqueIdentifier>
      <Extensions>rc;ico;cur;bmp;dlg;rc2;rct;bin;rgs;gif;jpg;jpeg;jpe;resx;tiff;tif;png;wav;mfcribbon-ms</Extensions>
    </Filter>
    <Filter Include="Файлы заголовков\pages">
      <UniqueIdentifier>{b4ec772a-5bb3-493a-8d2c-9485d0726978}</UniqueIdentifier>
    </Filter>
    <Filter Include="Файлы заголовков\gameFiles">
      <UniqueIdentifier>{a31a38a9-4461-42aa-8f69-234e7f15bdfa}</UniqueIdentifier>
    </Filter>
  </ItemGroup>
  <ItemGroup>
    <ClCompile Include="main.cpp">
      <Filter>Исходные файлы</Filter>
    </ClCompile>
  </ItemGroup>
  <ItemGroup>
    <ClInclude Include="pageDispather.hpp">
      <Filter>Файлы заголовков</Filter>
    </ClInclude>
    <ClInclude Include="winPage.hpp">
      <Filter>Файлы заголовков\pages</Filter>
    </ClInclude>
    <ClInclude Include="losePage.hpp">
      <Filter>Файлы заголовков\pages</Filter>
    </ClInclude>
    <ClInclude Include="gamePage.hpp">
      <Filter>Файлы заголовков\pages</Filter>
    </ClInclude>
    <ClInclude Include="menuPage.hpp">
      <Filter>Файлы заголовков\pages</Filter>
    </ClInclude>
    <ClInclude Include="game.hpp">
      <Filter>Файлы заголовков\gameFiles</Filter>
    </ClInclude>
    <ClInclude Include="map.hpp">
      <Filter>Файлы заголовков\gameFiles</Filter>
    </ClInclude>
    <ClInclude Include="output.hpp">
      <Filter>Файлы заголовков\gameFiles</Filter>
    </ClInclude>
    <ClInclude Include="direction.hpp">
      <Filter>Файлы заголовков\gameFiles</Filter>
    </ClInclude>
  </ItemGroup>
</Project>